
Microsoft Visual Studio Solution File, Format Version 12.00
# Visual Studio Version 17
VisualStudioVersion = 17.9.34723.18
MinimumVisualStudioVersion = 10.0.40219.1
Project("{FAE04EC0-301F-11D3-BF4B-00C04F79EFBC}") = "MarleyDJ.Common", "MarleyDJ.Common\MarleyDJ.Common.csproj", "{15C48C92-B515-4385-85DE-42586BCFEF34}"
EndProject
Project("{2150E333-8FDC-42A3-9474-1A3956D46DE8}") = "Solution Files", "Solution Files", "{564D9047-6210-4347-823C-6F7F3852B43C}"
	ProjectSection(SolutionItems) = preProject
		NuGet.config = NuGet.config
	EndProjectSection
EndProject
Global
	GlobalSection(SolutionConfigurationPlatforms) = preSolution
		Debug|Any CPU = Debug|Any CPU
		Release|Any CPU = Release|Any CPU
	EndGlobalSection
	GlobalSection(ProjectConfigurationPlatforms) = postSolution
		{15C48C92-B515-4385-85DE-42586BCFEF34}.Debug|Any CPU.ActiveCfg = Debug|Any CPU
		{15C48C92-B515-4385-85DE-42586BCFEF34}.Debug|Any CPU.Build.0 = Debug|Any CPU
		{15C48C92-B515-4385-85DE-42586BCFEF34}.Release|Any CPU.ActiveCfg = Release|Any CPU
		{15C48C92-B515-4385-85DE-42586BCFEF34}.Release|Any CPU.Build.0 = Release|Any CPU
	EndGlobalSection
	GlobalSection(SolutionProperties) = preSolution
		HideSolutionNode = FALSE
	EndGlobalSection
	GlobalSection(ExtensibilityGlobals) = postSolution
		SolutionGuid = {6AF4CFB3-F444-40CF-9636-3FC520AF0C37}
	EndGlobalSection
EndGlobal
